
Microsoft Visual Studio Solution File, Format Version 12.00
# Visual Studio Version 17
VisualStudioVersion = 17.9.34607.119
MinimumVisualStudioVersion = 10.0.40219.1
Project("{9A19103F-16F7-4668-BE54-9A1E7A4F7556}") = "Wiedpug.API", "Wiedpug.API\Wiedpug.API.csproj", "{8719F6DA-2B11-4436-96E7-AB4609C07C71}"
EndProject
Project("{9A19103F-16F7-4668-BE54-9A1E7A4F7556}") = "Wiedpug.Domain", "Wiedpug.Domain\Wiedpug.Domain.csproj", "{9F3DC424-8396-49C8-87AB-257AF5136937}"
EndProject
Global
	GlobalSection(SolutionConfigurationPlatforms) = preSolution
		Debug|Any CPU = Debug|Any CPU
		Release|Any CPU = Release|Any CPU
	EndGlobalSection
	GlobalSection(ProjectConfigurationPlatforms) = postSolution
		{8719F6DA-2B11-4436-96E7-AB4609C07C71}.Debug|Any CPU.ActiveCfg = Debug|Any CPU
		{8719F6DA-2B11-4436-96E7-AB4609C07C71}.Debug|Any CPU.Build.0 = Debug|Any CPU
		{8719F6DA-2B11-4436-96E7-AB4609C07C71}.Release|Any CPU.ActiveCfg = Release|Any CPU
		{8719F6DA-2B11-4436-96E7-AB4609C07C71}.Release|Any CPU.Build.0 = Release|Any CPU
		{9F3DC424-8396-49C8-87AB-257AF5136937}.Debug|Any CPU.ActiveCfg = Debug|Any CPU
		{9F3DC424-8396-49C8-87AB-257AF5136937}.Debug|Any CPU.Build.0 = Debug|Any CPU
		{9F3DC424-8396-49C8-87AB-257AF5136937}.Release|Any CPU.ActiveCfg = Release|Any CPU
		{9F3DC424-8396-49C8-87AB-257AF5136937}.Release|Any CPU.Build.0 = Release|Any CPU
	EndGlobalSection
	GlobalSection(SolutionProperties) = preSolution
		HideSolutionNode = FALSE
	EndGlobalSection
	GlobalSection(ExtensibilityGlobals) = postSolution
		SolutionGuid = {66B0EDF8-A060-4137-8596-43E013F187DD}
	EndGlobalSection
EndGlobal
